
Microsoft Visual Studio Solution File, Format Version 12.00
# Visual Studio Version 17
VisualStudioVersion = 17.7.34024.191
MinimumVisualStudioVersion = 10.0.40219.1
Project("{FAE04EC0-301F-11D3-BF4B-00C04F79EFBC}") = "certData", "certData\certData.csproj", "{B1F37A88-C4A5-4EB9-89F3-45DC14500D62}"
EndProject
Global
	GlobalSection(SolutionConfigurationPlatforms) = preSolution
		Debug|Any CPU = Debug|Any CPU
		Release|Any CPU = Release|Any CPU
	EndGlobalSection
	GlobalSection(ProjectConfigurationPlatforms) = postSolution
		{B1F37A88-C4A5-4EB9-89F3-45DC14500D62}.Debug|Any CPU.ActiveCfg = Debug|Any CPU
		{B1F37A88-C4A5-4EB9-89F3-45DC14500D62}.Debug|Any CPU.Build.0 = Debug|Any CPU
		{B1F37A88-C4A5-4EB9-89F3-45DC14500D62}.Release|Any CPU.ActiveCfg = Release|Any CPU
		{B1F37A88-C4A5-4EB9-89F3-45DC14500D62}.Release|Any CPU.Build.0 = Release|Any CPU
	EndGlobalSection
	GlobalSection(SolutionProperties) = preSolution
		HideSolutionNode = FALSE
	EndGlobalSection
	GlobalSection(ExtensibilityGlobals) = postSolution
		SolutionGuid = {18640A8B-D8C6-4382-82EF-F7FC3250368E}
	EndGlobalSection
EndGlobal
